<?xml version="1.0" encoding="utf-8"?>
<Project ToolsVersion="4.0" xmlns="http://schemas.microsoft.com/developer/msbuild/2003">
  <ItemGroup>
    <None Include="cube.frag" />
    <None Include="cube.vert" />
  </ItemGroup>
  <ItemGroup>
    <ClCompile Include="vkdemo.c" />
    <ClCompile Include="vkwin32.c" />
  </ItemGroup>
  <ItemGroup>
    <ClInclude Include="vkfuncs.h" />
    <ClInclude Include="vulkan.h" />
    <ClInclude Include="vkdemo.h" />
  </ItemGroup>
</Project>